
Microsoft Visual Studio Solution File, Format Version 12.00
# Visual Studio Version 17
VisualStudioVersion = 17.10.35122.118
MinimumVisualStudioVersion = 10.0.40219.1
Project("{2150E333-8FDC-42A3-9474-1A3956D46DE8}") = "Framework", "Framework", "{9A0CCAB9-4303-13B4-2371-F1B97FF5B728}"
EndProject
Project("{FAE04EC0-301F-11D3-BF4B-00C04F79EFBC}") = "Framework.Core", "Framework\Framework.Core\Framework.Core.csproj", "{DA96B65A-C253-4B75-A155-E00072BB044B}"
EndProject
Project("{FAE04EC0-301F-11D3-BF4B-00C04F79EFBC}") = "badmintion.Domain", "Domain\badmintion.Domain.csproj", "{D52DAFEE-40D8-4990-9008-B9DE53F3F0F8}"
EndProject
Project("{FAE04EC0-301F-11D3-BF4B-00C04F79EFBC}") = "badmintion.Application", "Application\badmintion.Application.csproj", "{2A7B5FD6-1994-4788-9193-767A46F36CDD}"
EndProject
Project("{FAE04EC0-301F-11D3-BF4B-00C04F79EFBC}") = "badmintion.Infrastructure", "Infrastructure\badmintion.Infrastructure.csproj", "{2ECB7C5C-A06A-4A9B-9F80-0B40F37AF523}"
EndProject
Project("{FAE04EC0-301F-11D3-BF4B-00C04F79EFBC}") = "badmintion.WebAPI", "Presentation\WebAPI\badmintion.WebAPI.csproj", "{D50FE8F4-851C-4D5D-8D66-E9B7EF42AC26}"
EndProject
Global
	GlobalSection(SolutionConfigurationPlatforms) = preSolution
		Debug|Any CPU = Debug|Any CPU
		Debug|x64 = Debug|x64
		Debug|x86 = Debug|x86
		Release|Any CPU = Release|Any CPU
		Release|x64 = Release|x64
		Release|x86 = Release|x86
	EndGlobalSection
	GlobalSection(ProjectConfigurationPlatforms) = postSolution
		{DA96B65A-C253-4B75-A155-E00072BB044B}.Debug|Any CPU.ActiveCfg = Debug|Any CPU
		{DA96B65A-C253-4B75-A155-E00072BB044B}.Debug|Any CPU.Build.0 = Debug|Any CPU
		{DA96B65A-C253-4B75-A155-E00072BB044B}.Debug|x64.ActiveCfg = Debug|Any CPU
		{DA96B65A-C253-4B75-A155-E00072BB044B}.Debug|x64.Build.0 = Debug|Any CPU
		{DA96B65A-C253-4B75-A155-E00072BB044B}.Debug|x86.ActiveCfg = Debug|Any CPU
		{DA96B65A-C253-4B75-A155-E00072BB044B}.Debug|x86.Build.0 = Debug|Any CPU
		{DA96B65A-C253-4B75-A155-E00072BB044B}.Release|Any CPU.ActiveCfg = Release|Any CPU
		{DA96B65A-C253-4B75-A155-E00072BB044B}.Release|Any CPU.Build.0 = Release|Any CPU
		{DA96B65A-C253-4B75-A155-E00072BB044B}.Release|x64.ActiveCfg = Release|Any CPU
		{DA96B65A-C253-4B75-A155-E00072BB044B}.Release|x64.Build.0 = Release|Any CPU
		{DA96B65A-C253-4B75-A155-E00072BB044B}.Release|x86.ActiveCfg = Release|Any CPU
		{DA96B65A-C253-4B75-A155-E00072BB044B}.Release|x86.Build.0 = Release|Any CPU
		{D52DAFEE-40D8-4990-9008-B9DE53F3F0F8}.Debug|Any CPU.ActiveCfg = Debug|Any CPU
		{D52DAFEE-40D8-4990-9008-B9DE53F3F0F8}.Debug|Any CPU.Build.0 = Debug|Any CPU
		{D52DAFEE-40D8-4990-9008-B9DE53F3F0F8}.Debug|x64.ActiveCfg = Debug|Any CPU
		{D52DAFEE-40D8-4990-9008-B9DE53F3F0F8}.Debug|x64.Build.0 = Debug|Any CPU
		{D52DAFEE-40D8-4990-9008-B9DE53F3F0F8}.Debug|x86.ActiveCfg = Debug|Any CPU
		{D52DAFEE-40D8-4990-9008-B9DE53F3F0F8}.Debug|x86.Build.0 = Debug|Any CPU
		{D52DAFEE-40D8-4990-9008-B9DE53F3F0F8}.Release|Any CPU.ActiveCfg = Release|Any CPU
		{D52DAFEE-40D8-4990-9008-B9DE53F3F0F8}.Release|Any CPU.Build.0 = Release|Any CPU
		{D52DAFEE-40D8-4990-9008-B9DE53F3F0F8}.Release|x64.ActiveCfg = Release|Any CPU
		{D52DAFEE-40D8-4990-9008-B9DE53F3F0F8}.Release|x64.Build.0 = Release|Any CPU
		{D52DAFEE-40D8-4990-9008-B9DE53F3F0F8}.Release|x86.ActiveCfg = Release|Any CPU
		{D52DAFEE-40D8-4990-9008-B9DE53F3F0F8}.Release|x86.Build.0 = Release|Any CPU
		{2A7B5FD6-1994-4788-9193-767A46F36CDD}.Debug|Any CPU.ActiveCfg = Debug|Any CPU
		{2A7B5FD6-1994-4788-9193-767A46F36CDD}.Debug|Any CPU.Build.0 = Debug|Any CPU
		{2A7B5FD6-1994-4788-9193-767A46F36CDD}.Debug|x64.ActiveCfg = Debug|Any CPU
		{2A7B5FD6-1994-4788-9193-767A46F36CDD}.Debug|x64.Build.0 = Debug|Any CPU
		{2A7B5FD6-1994-4788-9193-767A46F36CDD}.Debug|x86.ActiveCfg = Debug|Any CPU
		{2A7B5FD6-1994-4788-9193-767A46F36CDD}.Debug|x86.Build.0 = Debug|Any CPU
		{2A7B5FD6-1994-4788-9193-767A46F36CDD}.Release|Any CPU.ActiveCfg = Release|Any CPU
		{2A7B5FD6-1994-4788-9193-767A46F36CDD}.Release|Any CPU.Build.0 = Release|Any CPU
		{2A7B5FD6-1994-4788-9193-767A46F36CDD}.Release|x64.ActiveCfg = Release|Any CPU
		{2A7B5FD6-1994-4788-9193-767A46F36CDD}.Release|x64.Build.0 = Release|Any CPU
		{2A7B5FD6-1994-4788-9193-767A46F36CDD}.Release|x86.ActiveCfg = Release|Any CPU
		{2A7B5FD6-1994-4788-9193-767A46F36CDD}.Release|x86.Build.0 = Release|Any CPU
		{2ECB7C5C-A06A-4A9B-9F80-0B40F37AF523}.Debug|Any CPU.ActiveCfg = Debug|Any CPU
		{2ECB7C5C-A06A-4A9B-9F80-0B40F37AF523}.Debug|Any CPU.Build.0 = Debug|Any CPU
		{2ECB7C5C-A06A-4A9B-9F80-0B40F37AF523}.Debug|x64.ActiveCfg = Debug|Any CPU
		{2ECB7C5C-A06A-4A9B-9F80-0B40F37AF523}.Debug|x64.Build.0 = Debug|Any CPU
		{2ECB7C5C-A06A-4A9B-9F80-0B40F37AF523}.Debug|x86.ActiveCfg = Debug|Any CPU
		{2ECB7C5C-A06A-4A9B-9F80-0B40F37AF523}.Debug|x86.Build.0 = Debug|Any CPU
		{2ECB7C5C-A06A-4A9B-9F80-0B40F37AF523}.Release|Any CPU.ActiveCfg = Release|Any CPU
		{2ECB7C5C-A06A-4A9B-9F80-0B40F37AF523}.Release|Any CPU.Build.0 = Release|Any CPU
		{2ECB7C5C-A06A-4A9B-9F80-0B40F37AF523}.Release|x64.ActiveCfg = Release|Any CPU
		{2ECB7C5C-A06A-4A9B-9F80-0B40F37AF523}.Release|x64.Build.0 = Release|Any CPU
		{2ECB7C5C-A06A-4A9B-9F80-0B40F37AF523}.Release|x86.ActiveCfg = Release|Any CPU
		{2ECB7C5C-A06A-4A9B-9F80-0B40F37AF523}.Release|x86.Build.0 = Release|Any CPU
		{D50FE8F4-851C-4D5D-8D66-E9B7EF42AC26}.Debug|Any CPU.ActiveCfg = Debug|Any CPU
		{D50FE8F4-851C-4D5D-8D66-E9B7EF42AC26}.Debug|Any CPU.Build.0 = Debug|Any CPU
		{D50FE8F4-851C-4D5D-8D66-E9B7EF42AC26}.Debug|x64.ActiveCfg = Debug|Any CPU
		{D50FE8F4-851C-4D5D-8D66-E9B7EF42AC26}.Debug|x64.Build.0 = Debug|Any CPU
		{D50FE8F4-851C-4D5D-8D66-E9B7EF42AC26}.Debug|x86.ActiveCfg = Debug|Any CPU
		{D50FE8F4-851C-4D5D-8D66-E9B7EF42AC26}.Debug|x86.Build.0 = Debug|Any CPU
		{D50FE8F4-851C-4D5D-8D66-E9B7EF42AC26}.Release|Any CPU.ActiveCfg = Release|Any CPU
		{D50FE8F4-851C-4D5D-8D66-E9B7EF42AC26}.Release|Any CPU.Build.0 = Release|Any CPU
		{D50FE8F4-851C-4D5D-8D66-E9B7EF42AC26}.Release|x64.ActiveCfg = Release|Any CPU
		{D50FE8F4-851C-4D5D-8D66-E9B7EF42AC26}.Release|x64.Build.0 = Release|Any CPU
		{D50FE8F4-851C-4D5D-8D66-E9B7EF42AC26}.Release|x86.ActiveCfg = Release|Any CPU
		{D50FE8F4-851C-4D5D-8D66-E9B7EF42AC26}.Release|x86.Build.0 = Release|Any CPU
	EndGlobalSection
	GlobalSection(SolutionProperties) = preSolution
		HideSolutionNode = FALSE
	EndGlobalSection
	GlobalSection(NestedProjects) = preSolution
		{DA96B65A-C253-4B75-A155-E00072BB044B} = {9A0CCAB9-4303-13B4-2371-F1B97FF5B728}
		{D52DAFEE-40D8-4990-9008-B9DE53F3F0F8} = {9A0CCAB9-4303-13B4-2371-F1B97FF5B728}
		{2A7B5FD6-1994-4788-9193-767A46F36CDD} = {9A0CCAB9-4303-13B4-2371-F1B97FF5B728}
		{2ECB7C5C-A06A-4A9B-9F80-0B40F37AF523} = {9A0CCAB9-4303-13B4-2371-F1B97FF5B728}
		{D50FE8F4-851C-4D5D-8D66-E9B7EF42AC26} = {9A0CCAB9-4303-13B4-2371-F1B97FF5B728}
	EndGlobalSection
	GlobalSection(ExtensibilityGlobals) = postSolution
		SolutionGuid = {B1D4A8AA-564A-451E-A7FC-6AAAD589DAD3}
	EndGlobalSection
EndGlobal
